// !$*UTF8*$!
{
	archiveVersion = 1;
	classes = {
	};
	objectVersion = 56;
	objects = {

/* Begin PBXBuildFile section */
		B1C106DE2928CAA3009BF573 /* BananaClassification.mlmodel in Sources */ = {isa = PBXBuildFile; fileRef = B1C106DD2928CAA3009BF573 /* BananaClassification.mlmodel */; };
		B1C106E12928D416009BF573 /* UIViewController+.swift in Sources */ = {isa = PBXBuildFile; fileRef = B1C106E02928D416009BF573 /* UIViewController+.swift */; };
		B1EED76829266015004A65BC /* AppDelegate.swift in Sources */ = {isa = PBXBuildFile; fileRef = B1EED76729266015004A65BC /* AppDelegate.swift */; };
		B1EED76A29266015004A65BC /* SceneDelegate.swift in Sources */ = {isa = PBXBuildFile; fileRef = B1EED76929266015004A65BC /* SceneDelegate.swift */; };
		B1EED77129266017004A65BC /* Assets.xcassets in Resources */ = {isa = PBXBuildFile; fileRef = B1EED77029266017004A65BC /* Assets.xcassets */; };
		B1EED77429266017004A65BC /* LaunchScreen.storyboard in Resources */ = {isa = PBXBuildFile; fileRef = B1EED77229266017004A65BC /* LaunchScreen.storyboard */; };
		B1EED77D29267531004A65BC /* SnapKit in Frameworks */ = {isa = PBXBuildFile; productRef = B1EED77C29267531004A65BC /* SnapKit */; };
		B1EED78029267548004A65BC /* RxCocoa in Frameworks */ = {isa = PBXBuildFile; productRef = B1EED77F29267548004A65BC /* RxCocoa */; };
		B1EED78229267548004A65BC /* RxRelay in Frameworks */ = {isa = PBXBuildFile; productRef = B1EED78129267548004A65BC /* RxRelay */; };
		B1EED78429267548004A65BC /* RxSwift in Frameworks */ = {isa = PBXBuildFile; productRef = B1EED78329267548004A65BC /* RxSwift */; };
		B1EED7872926756F004A65BC /* ReactorKit in Frameworks */ = {isa = PBXBuildFile; productRef = B1EED7862926756F004A65BC /* ReactorKit */; };
		B1F46DD729279C9D009C7C9B /* CameraViewController.swift in Sources */ = {isa = PBXBuildFile; fileRef = B1F46DD629279C9D009C7C9B /* CameraViewController.swift */; };
		B1F46DD92927BA38009C7C9B /* UIViewController+Rx.swift in Sources */ = {isa = PBXBuildFile; fileRef = B1F46DD82927BA38009C7C9B /* UIViewController+Rx.swift */; };
		B1F46DDC2927BE16009C7C9B /* UIFont+.swift in Sources */ = {isa = PBXBuildFile; fileRef = B1F46DDB2927BE16009C7C9B /* UIFont+.swift */; };
		B1F46DEE2927C0CA009C7C9B /* Pretendard-ExtraLight.otf in Resources */ = {isa = PBXBuildFile; fileRef = B1F46DE62927C0C9009C7C9B /* Pretendard-ExtraLight.otf */; };
		B1F46DEF2927C0CA009C7C9B /* Pretendard-Medium.otf in Resources */ = {isa = PBXBuildFile; fileRef = B1F46DE72927C0C9009C7C9B /* Pretendard-Medium.otf */; };
		B1F46DF02927C0CA009C7C9B /* Pretendard-Regular.otf in Resources */ = {isa = PBXBuildFile; fileRef = B1F46DE82927C0C9009C7C9B /* Pretendard-Regular.otf */; };
		B1F46DF12927C0CA009C7C9B /* Pretendard-SemiBold.otf in Resources */ = {isa = PBXBuildFile; fileRef = B1F46DE92927C0C9009C7C9B /* Pretendard-SemiBold.otf */; };
		B1F46DF22927C0CA009C7C9B /* Pretendard-ExtraBold.otf in Resources */ = {isa = PBXBuildFile; fileRef = B1F46DEA2927C0C9009C7C9B /* Pretendard-ExtraBold.otf */; };
		B1F46DF32927C0CA009C7C9B /* Pretendard-Thin.otf in Resources */ = {isa = PBXBuildFile; fileRef = B1F46DEB2927C0C9009C7C9B /* Pretendard-Thin.otf */; };
		B1F46DF42927C0CA009C7C9B /* Pretendard-Light.otf in Resources */ = {isa = PBXBuildFile; fileRef = B1F46DEC2927C0CA009C7C9B /* Pretendard-Light.otf */; };
		B1F46DF52927C0CA009C7C9B /* Pretendard-Bold.otf in Resources */ = {isa = PBXBuildFile; fileRef = B1F46DED2927C0CA009C7C9B /* Pretendard-Bold.otf */; };
		B1F46DFC2927C62E009C7C9B /* ResultViewController.swift in Sources */ = {isa = PBXBuildFile; fileRef = B1F46DFB2927C62E009C7C9B /* ResultViewController.swift */; };
/* End PBXBuildFile section */

/* Begin PBXFileReference section */
		B1C106DD2928CAA3009BF573 /* BananaClassification.mlmodel */ = {isa = PBXFileReference; lastKnownFileType = file.mlmodel; path = BananaClassification.mlmodel; sourceTree = "<group>"; };
		B1C106E02928D416009BF573 /* UIViewController+.swift */ = {isa = PBXFileReference; lastKnownFileType = sourcecode.swift; path = "UIViewController+.swift"; sourceTree = "<group>"; };
		B1EED76429266015004A65BC /* SmartAI.app */ = {isa = PBXFileReference; explicitFileType = wrapper.application; includeInIndex = 0; path = SmartAI.app; sourceTree = BUILT_PRODUCTS_DIR; };
		B1EED76729266015004A65BC /* AppDelegate.swift */ = {isa = PBXFileReference; lastKnownFileType = sourcecode.swift; path = AppDelegate.swift; sourceTree = "<group>"; };
		B1EED76929266015004A65BC /* SceneDelegate.swift */ = {isa = PBXFileReference; lastKnownFileType = sourcecode.swift; path = SceneDelegate.swift; sourceTree = "<group>"; };
		B1EED77029266017004A65BC /* Assets.xcassets */ = {isa = PBXFileReference; lastKnownFileType = folder.assetcatalog; path = Assets.xcassets; sourceTree = "<group>"; };
		B1EED77329266017004A65BC /* Base */ = {isa = PBXFileReference; lastKnownFileType = file.storyboard; name = Base; path = Base.lproj/LaunchScreen.storyboard; sourceTree = "<group>"; };
		B1EED77529266017004A65BC /* Info.plist */ = {isa = PBXFileReference; lastKnownFileType = text.plist.xml; path = Info.plist; sourceTree = "<group>"; };
		B1F46DD629279C9D009C7C9B /* CameraViewController.swift */ = {isa = PBXFileReference; lastKnownFileType = sourcecode.swift; path = CameraViewController.swift; sourceTree = "<group>"; };
		B1F46DD82927BA38009C7C9B /* UIViewController+Rx.swift */ = {isa = PBXFileReference; lastKnownFileType = sourcecode.swift; path = "UIViewController+Rx.swift"; sourceTree = "<group>"; };
		B1F46DDB2927BE16009C7C9B /* UIFont+.swift */ = {isa = PBXFileReference; lastKnownFileType = sourcecode.swift; path = "UIFont+.swift"; sourceTree = "<group>"; };
		B1F46DE62927C0C9009C7C9B /* Pretendard-ExtraLight.otf */ = {isa = PBXFileReference; lastKnownFileType = file; path = "Pretendard-ExtraLight.otf"; sourceTree = "<group>"; };
		B1F46DE72927C0C9009C7C9B /* Pretendard-Medium.otf */ = {isa = PBXFileReference; lastKnownFileType = file; path = "Pretendard-Medium.otf"; sourceTree = "<group>"; };
		B1F46DE82927C0C9009C7C9B /* Pretendard-Regular.otf */ = {isa = PBXFileReference; lastKnownFileType = file; path = "Pretendard-Regular.otf"; sourceTree = "<group>"; };
		B1F46DE92927C0C9009C7C9B /* Pretendard-SemiBold.otf */ = {isa = PBXFileReference; lastKnownFileType = file; path = "Pretendard-SemiBold.otf"; sourceTree = "<group>"; };
		B1F46DEA2927C0C9009C7C9B /* Pretendard-ExtraBold.otf */ = {isa = PBXFileReference; lastKnownFileType = file; path = "Pretendard-ExtraBold.otf"; sourceTree = "<group>"; };
		B1F46DEB2927C0C9009C7C9B /* Pretendard-Thin.otf */ = {isa = PBXFileReference; lastKnownFileType = file; path = "Pretendard-Thin.otf"; sourceTree = "<group>"; };
		B1F46DEC2927C0CA009C7C9B /* Pretendard-Light.otf */ = {isa = PBXFileReference; lastKnownFileType = file; path = "Pretendard-Light.otf"; sourceTree = "<group>"; };
		B1F46DED2927C0CA009C7C9B /* Pretendard-Bold.otf */ = {isa = PBXFileReference; lastKnownFileType = file; path = "Pretendard-Bold.otf"; sourceTree = "<group>"; };
		B1F46DFB2927C62E009C7C9B /* ResultViewController.swift */ = {isa = PBXFileReference; lastKnownFileType = sourcecode.swift; path = ResultViewController.swift; sourceTree = "<group>"; };
/* End PBXFileReference section */

/* Begin PBXFrameworksBuildPhase section */
		B1EED76129266015004A65BC /* Frameworks */ = {
			isa = PBXFrameworksBuildPhase;
			buildActionMask = 2147483647;
			files = (
				B1EED78229267548004A65BC /* RxRelay in Frameworks */,
				B1EED78029267548004A65BC /* RxCocoa in Frameworks */,
				B1EED78429267548004A65BC /* RxSwift in Frameworks */,
				B1EED7872926756F004A65BC /* ReactorKit in Frameworks */,
				B1EED77D29267531004A65BC /* SnapKit in Frameworks */,
			);
			runOnlyForDeploymentPostprocessing = 0;
		};
/* End PBXFrameworksBuildPhase section */

/* Begin PBXGroup section */
		B1C106DF2928CAAD009BF573 /* MLModels */ = {
			isa = PBXGroup;
			children = (
				B1C106DD2928CAA3009BF573 /* BananaClassification.mlmodel */,
			);
			path = MLModels;
			sourceTree = "<group>";
		};
		B1EED75B29266015004A65BC = {
			isa = PBXGroup;
			children = (
				B1EED76629266015004A65BC /* SmartAI */,
				B1EED76529266015004A65BC /* Products */,
			);
			sourceTree = "<group>";
		};
		B1EED76529266015004A65BC /* Products */ = {
			isa = PBXGroup;
			children = (
				B1EED76429266015004A65BC /* SmartAI.app */,
			);
			name = Products;
			sourceTree = "<group>";
		};
		B1EED76629266015004A65BC /* SmartAI */ = {
			isa = PBXGroup;
			children = (
				B1EED76729266015004A65BC /* AppDelegate.swift */,
				B1EED76929266015004A65BC /* SceneDelegate.swift */,
				B1EED78929267594004A65BC /* Scene */,
				B1F46DDA2927BA42009C7C9B /* Extension */,
				B1EED78829267586004A65BC /* Supporting Files */,
			);
			path = SmartAI;
			sourceTree = "<group>";
		};
		B1EED78829267586004A65BC /* Supporting Files */ = {
			isa = PBXGroup;
			children = (
				B1C106DF2928CAAD009BF573 /* MLModels */,
				B1F46DDD2927C08D009C7C9B /* Fonts */,
				B1EED77529266017004A65BC /* Info.plist */,
				B1EED77029266017004A65BC /* Assets.xcassets */,
				B1EED77229266017004A65BC /* LaunchScreen.storyboard */,
			);
			path = "Supporting Files";
			sourceTree = "<group>";
		};
		B1EED78929267594004A65BC /* Scene */ = {
			isa = PBXGroup;
			children = (
				B1F46DD629279C9D009C7C9B /* CameraViewController.swift */,
				B1F46DFB2927C62E009C7C9B /* ResultViewController.swift */,
			);
			path = Scene;
			sourceTree = "<group>";
		};
		B1F46DDA2927BA42009C7C9B /* Extension */ = {
			isa = PBXGroup;
			children = (
				B1C106E02928D416009BF573 /* UIViewController+.swift */,
				B1F46DD82927BA38009C7C9B /* UIViewController+Rx.swift */,
				B1F46DDB2927BE16009C7C9B /* UIFont+.swift */,
			);
			path = Extension;
			sourceTree = "<group>";
		};
		B1F46DDD2927C08D009C7C9B /* Fonts */ = {
			isa = PBXGroup;
			children = (
				B1F46DED2927C0CA009C7C9B /* Pretendard-Bold.otf */,
				B1F46DEA2927C0C9009C7C9B /* Pretendard-ExtraBold.otf */,
				B1F46DE62927C0C9009C7C9B /* Pretendard-ExtraLight.otf */,
				B1F46DEC2927C0CA009C7C9B /* Pretendard-Light.otf */,
				B1F46DE72927C0C9009C7C9B /* Pretendard-Medium.otf */,
				B1F46DE82927C0C9009C7C9B /* Pretendard-Regular.otf */,
				B1F46DE92927C0C9009C7C9B /* Pretendard-SemiBold.otf */,
				B1F46DEB2927C0C9009C7C9B /* Pretendard-Thin.otf */,
			);
			path = Fonts;
			sourceTree = "<group>";
		};
/* End PBXGroup section */

/* Begin PBXNativeTarget section */
		B1EED76329266015004A65BC /* SmartAI */ = {
			isa = PBXNativeTarget;
			buildConfigurationList = B1EED77829266017004A65BC /* Build configuration list for PBXNativeTarget "SmartAI" */;
			buildPhases = (
				B1EED76029266015004A65BC /* Sources */,
				B1EED76129266015004A65BC /* Frameworks */,
				B1EED76229266015004A65BC /* Resources */,
			);
			buildRules = (
			);
			dependencies = (
			);
			name = SmartAI;
			packageProductDependencies = (
				B1EED77C29267531004A65BC /* SnapKit */,
				B1EED77F29267548004A65BC /* RxCocoa */,
				B1EED78129267548004A65BC /* RxRelay */,
				B1EED78329267548004A65BC /* RxSwift */,
				B1EED7862926756F004A65BC /* ReactorKit */,
			);
			productName = SmartAI;
			productReference = B1EED76429266015004A65BC /* SmartAI.app */;
			productType = "com.apple.product-type.application";
		};
/* End PBXNativeTarget section */

/* Begin PBXProject section */
		B1EED75C29266015004A65BC /* Project object */ = {
			isa = PBXProject;
			attributes = {
				BuildIndependentTargetsInParallel = 1;
				LastSwiftUpdateCheck = 1400;
				LastUpgradeCheck = 1400;
				TargetAttributes = {
					B1EED76329266015004A65BC = {
						CreatedOnToolsVersion = 14.0;
					};
				};
			};
			buildConfigurationList = B1EED75F29266015004A65BC /* Build configuration list for PBXProject "SmartAI" */;
			compatibilityVersion = "Xcode 14.0";
			developmentRegion = en;
			hasScannedForEncodings = 0;
			knownRegions = (
				en,
				Base,
			);
			mainGroup = B1EED75B29266015004A65BC;
			packageReferences = (
				B1EED77B29267531004A65BC /* XCRemoteSwiftPackageReference "SnapKit" */,
				B1EED77E29267548004A65BC /* XCRemoteSwiftPackageReference "RxSwift" */,
				B1EED7852926756F004A65BC /* XCRemoteSwiftPackageReference "ReactorKit" */,
			);
			productRefGroup = B1EED76529266015004A65BC /* Products */;
			projectDirPath = "";
			projectRoot = "";
			targets = (
				B1EED76329266015004A65BC /* SmartAI */,
			);
		};
/* End PBXProject section */

/* Begin PBXResourcesBuildPhase section */
		B1EED76229266015004A65BC /* Resources */ = {
			isa = PBXResourcesBuildPhase;
			buildActionMask = 2147483647;
			files = (
				B1F46DEE2927C0CA009C7C9B /* Pretendard-ExtraLight.otf in Resources */,
				B1F46DF52927C0CA009C7C9B /* Pretendard-Bold.otf in Resources */,
				B1EED77429266017004A65BC /* LaunchScreen.storyboard in Resources */,
				B1F46DF22927C0CA009C7C9B /* Pretendard-ExtraBold.otf in Resources */,
				B1F46DF32927C0CA009C7C9B /* Pretendard-Thin.otf in Resources */,
				B1F46DF02927C0CA009C7C9B /* Pretendard-Regular.otf in Resources */,
				B1F46DF12927C0CA009C7C9B /* Pretendard-SemiBold.otf in Resources */,
				B1EED77129266017004A65BC /* Assets.xcassets in Resources */,
				B1F46DEF2927C0CA009C7C9B /* Pretendard-Medium.otf in Resources */,
				B1F46DF42927C0CA009C7C9B /* Pretendard-Light.otf in Resources */,
			);
			runOnlyForDeploymentPostprocessing = 0;
		};
/* End PBXResourcesBuildPhase section */

/* Begin PBXSourcesBuildPhase section */
		B1EED76029266015004A65BC /* Sources */ = {
			isa = PBXSourcesBuildPhase;
			buildActionMask = 2147483647;
			files = (
				B1C106E12928D416009BF573 /* UIViewController+.swift in Sources */,
				B1EED76829266015004A65BC /* AppDelegate.swift in Sources */,
				B1F46DD729279C9D009C7C9B /* CameraViewController.swift in Sources */,
				B1F46DD92927BA38009C7C9B /* UIViewController+Rx.swift in Sources */,
				B1F46DDC2927BE16009C7C9B /* UIFont+.swift in Sources */,
				B1EED76A29266015004A65BC /* SceneDelegate.swift in Sources */,
				B1C106DE2928CAA3009BF573 /* BananaClassification.mlmodel in Sources */,
				B1F46DFC2927C62E009C7C9B /* ResultViewController.swift in Sources */,
			);
			runOnlyForDeploymentPostprocessing = 0;
		};
/* End PBXSourcesBuildPhase section */

/* Begin PBXVariantGroup section */
		B1EED77229266017004A65BC /* LaunchScreen.storyboard */ = {
			isa = PBXVariantGroup;
			children = (
				B1EED77329266017004A65BC /* Base */,
			);
			name = LaunchScreen.storyboard;
			sourceTree = "<group>";
		};
/* End PBXVariantGroup section */

/* Begin XCBuildConfiguration section */
		B1EED77629266017004A65BC /* Debug */ = {
			isa = XCBuildConfiguration;
			buildSettings = {
				ALWAYS_SEARCH_USER_PATHS = NO;
				CLANG_ANALYZER_NONNULL = YES;
				CLANG_ANALYZER_NUMBER_OBJECT_CONVERSION = YES_AGGRESSIVE;
				CLANG_CXX_LANGUAGE_STANDARD = "gnu++20";
				CLANG_ENABLE_MODULES = YES;
				CLANG_ENABLE_OBJC_ARC = YES;
				CLANG_ENABLE_OBJC_WEAK = YES;
				CLANG_WARN_BLOCK_CAPTURE_AUTORELEASING = YES;
				CLANG_WARN_BOOL_CONVERSION = YES;
				CLANG_WARN_COMMA = YES;
				CLANG_WARN_CONSTANT_CONVERSION = YES;
				CLANG_WARN_DEPRECATED_OBJC_IMPLEMENTATIONS = YES;
				CLANG_WARN_DIRECT_OBJC_ISA_USAGE = YES_ERROR;
				CLANG_WARN_DOCUMENTATION_COMMENTS = YES;
				CLANG_WARN_EMPTY_BODY = YES;
				CLANG_WARN_ENUM_CONVERSION = YES;
				CLANG_WARN_INFINITE_RECURSION = YES;
				CLANG_WARN_INT_CONVERSION = YES;
				CLANG_WARN_NON_LITERAL_NULL_CONVERSION = YES;
				CLANG_WARN_OBJC_IMPLICIT_RETAIN_SELF = YES;
				CLANG_WARN_OBJC_LITERAL_CONVERSION = YES;
				CLANG_WARN_OBJC_ROOT_CLASS = YES_ERROR;
				CLANG_WARN_QUOTED_INCLUDE_IN_FRAMEWORK_HEADER = YES;
				CLANG_WARN_RANGE_LOOP_ANALYSIS = YES;
				CLANG_WARN_STRICT_PROTOTYPES = YES;
				CLANG_WARN_SUSPICIOUS_MOVE = YES;
				CLANG_WARN_UNGUARDED_AVAILABILITY = YES_AGGRESSIVE;
				CLANG_WARN_UNREACHABLE_CODE = YES;
				CLANG_WARN__DUPLICATE_METHOD_MATCH = YES;
				COPY_PHASE_STRIP = NO;
				DEBUG_INFORMATION_FORMAT = dwarf;
				ENABLE_STRICT_OBJC_MSGSEND = YES;
				ENABLE_TESTABILITY = YES;
				GCC_C_LANGUAGE_STANDARD = gnu11;
				GCC_DYNAMIC_NO_PIC = NO;
				GCC_NO_COMMON_BLOCKS = YES;
				GCC_OPTIMIZATION_LEVEL = 0;
				GCC_PREPROCESSOR_DEFINITIONS = (
					"DEBUG=1",
					"$(inherited)",
				);
				GCC_WARN_64_TO_32_BIT_CONVERSION = YES;
				GCC_WARN_ABOUT_RETURN_TYPE = YES_ERROR;
				GCC_WARN_UNDECLARED_SELECTOR = YES;
				GCC_WARN_UNINITIALIZED_AUTOS = YES_AGGRESSIVE;
				GCC_WARN_UNUSED_FUNCTION = YES;
				GCC_WARN_UNUSED_VARIABLE = YES;
				IPHONEOS_DEPLOYMENT_TARGET = 16.0;
				MTL_ENABLE_DEBUG_INFO = INCLUDE_SOURCE;
				MTL_FAST_MATH = YES;
				ONLY_ACTIVE_ARCH = YES;
				SDKROOT = iphoneos;
				SWIFT_ACTIVE_COMPILATION_CONDITIONS = DEBUG;
				SWIFT_OPTIMIZATION_LEVEL = "-Onone";
			};
			name = Debug;
		};
		B1EED77729266017004A65BC /* Release */ = {
			isa = XCBuildConfiguration;
			buildSettings = {
				ALWAYS_SEARCH_USER_PATHS = NO;
				CLANG_ANALYZER_NONNULL = YES;
				CLANG_ANALYZER_NUMBER_OBJECT_CONVERSION = YES_AGGRESSIVE;
				CLANG_CXX_LANGUAGE_STANDARD = "gnu++20";
				CLANG_ENABLE_MODULES = YES;
				CLANG_ENABLE_OBJC_ARC = YES;
				CLANG_ENABLE_OBJC_WEAK = YES;
				CLANG_WARN_BLOCK_CAPTURE_AUTORELEASING = YES;
				CLANG_WARN_BOOL_CONVERSION = YES;
				CLANG_WARN_COMMA = YES;
				CLANG_WARN_CONSTANT_CONVERSION = YES;
				CLANG_WARN_DEPRECATED_OBJC_IMPLEMENTATIONS = YES;
				CLANG_WARN_DIRECT_OBJC_ISA_USAGE = YES_ERROR;
				CLANG_WARN_DOCUMENTATION_COMMENTS = YES;
				CLANG_WARN_EMPTY_BODY = YES;
				CLANG_WARN_ENUM_CONVERSION = YES;
				CLANG_WARN_INFINITE_RECURSION = YES;
				CLANG_WARN_INT_CONVERSION = YES;
				CLANG_WARN_NON_LITERAL_NULL_CONVERSION = YES;
				CLANG_WARN_OBJC_IMPLICIT_RETAIN_SELF = YES;
				CLANG_WARN_OBJC_LITERAL_CONVERSION = YES;
				CLANG_WARN_OBJC_ROOT_CLASS = YES_ERROR;
				CLANG_WARN_QUOTED_INCLUDE_IN_FRAMEWORK_HEADER = YES;
				CLANG_WARN_RANGE_LOOP_ANALYSIS = YES;
				CLANG_WARN_STRICT_PROTOTYPES = YES;
				CLANG_WARN_SUSPICIOUS_MOVE = YES;
				CLANG_WARN_UNGUARDED_AVAILABILITY = YES_AGGRESSIVE;
				CLANG_WARN_UNREACHABLE_CODE = YES;
				CLANG_WARN__DUPLICATE_METHOD_MATCH = YES;
				COPY_PHASE_STRIP = NO;
				DEBUG_INFORMATION_FORMAT = "dwarf-with-dsym";
				ENABLE_NS_ASSERTIONS = NO;
				ENABLE_STRICT_OBJC_MSGSEND = YES;
				GCC_C_LANGUAGE_STANDARD = gnu11;
				GCC_NO_COMMON_BLOCKS = YES;
				GCC_WARN_64_TO_32_BIT_CONVERSION = YES;
				GCC_WARN_ABOUT_RETURN_TYPE = YES_ERROR;
				GCC_WARN_UNDECLARED_SELECTOR = YES;
				GCC_WARN_UNINITIALIZED_AUTOS = YES_AGGRESSIVE;
				GCC_WARN_UNUSED_FUNCTION = YES;
				GCC_WARN_UNUSED_VARIABLE = YES;
				IPHONEOS_DEPLOYMENT_TARGET = 16.0;
				MTL_ENABLE_DEBUG_INFO = NO;
				MTL_FAST_MATH = YES;
				SDKROOT = iphoneos;
				SWIFT_COMPILATION_MODE = wholemodule;
				SWIFT_OPTIMIZATION_LEVEL = "-O";
				VALIDATE_PRODUCT = YES;
			};
			name = Release;
		};
		B1EED77929266017004A65BC /* Debug */ = {
			isa = XCBuildConfiguration;
			buildSettings = {
				ASSETCATALOG_COMPILER_APPICON_NAME = AppIcon;
				ASSETCATALOG_COMPILER_GLOBAL_ACCENT_COLOR_NAME = AccentColor;
				CODE_SIGN_STYLE = Automatic;
				CURRENT_PROJECT_VERSION = 1;
				DEVELOPMENT_TEAM = 38PD5AHVVF;
				GENERATE_INFOPLIST_FILE = YES;
				INFOPLIST_FILE = "SmartAI/Supporting Files/Info.plist";
				INFOPLIST_KEY_UIApplicationSupportsIndirectInputEvents = YES;
				INFOPLIST_KEY_UILaunchStoryboardName = LaunchScreen;
				INFOPLIST_KEY_UIMainStoryboardFile = "";
				INFOPLIST_KEY_UISupportedInterfaceOrientations_iPad = "UIInterfaceOrientationPortrait UIInterfaceOrientationPortraitUpsideDown UIInterfaceOrientationLandscapeLeft UIInterfaceOrientationLandscapeRight";
				INFOPLIST_KEY_UISupportedInterfaceOrientations_iPhone = "UIInterfaceOrientationPortrait UIInterfaceOrientationLandscapeLeft UIInterfaceOrientationLandscapeRight";
				IPHONEOS_DEPLOYMENT_TARGET = 15.0;
				LD_RUNPATH_SEARCH_PATHS = (
					"$(inherited)",
					"@executable_path/Frameworks",
				);
				MARKETING_VERSION = 1.0;
				PRODUCT_BUNDLE_IDENTIFIER = lgvv.SmartAI;
				PRODUCT_NAME = "$(TARGET_NAME)";
				SWIFT_EMIT_LOC_STRINGS = YES;
				SWIFT_VERSION = 5.0;
				TARGETED_DEVICE_FAMILY = "1,2";
			};
			name = Debug;
		};
		B1EED77A29266017004A65BC /* Release */ = {
			isa = XCBuildConfiguration;
			buildSettings = {
				ASSETCATALOG_COMPILER_APPICON_NAME = AppIcon;
				ASSETCATALOG_COMPILER_GLOBAL_ACCENT_COLOR_NAME = AccentColor;
				CODE_SIGN_STYLE = Automatic;
				CURRENT_PROJECT_VERSION = 1;
				DEVELOPMENT_TEAM = 38PD5AHVVF;
				GENERATE_INFOPLIST_FILE = YES;
				INFOPLIST_FILE = "SmartAI/Supporting Files/Info.plist";
				INFOPLIST_KEY_UIApplicationSupportsIndirectInputEvents = YES;
				INFOPLIST_KEY_UILaunchStoryboardName = LaunchScreen;
				INFOPLIST_KEY_UIMainStoryboardFile = "";
				INFOPLIST_KEY_UISupportedInterfaceOrientations_iPad = "UIInterfaceOrientationPortrait UIInterfaceOrientationPortraitUpsideDown UIInterfaceOrientationLandscapeLeft UIInterfaceOrientationLandscapeRight";
				INFOPLIST_KEY_UISupportedInterfaceOrientations_iPhone = "UIInterfaceOrientationPortrait UIInterfaceOrientationLandscapeLeft UIInterfaceOrientationLandscapeRight";
				IPHONEOS_DEPLOYMENT_TARGET = 15.0;
				LD_RUNPATH_SEARCH_PATHS = (
					"$(inherited)",
					"@executable_path/Frameworks",
				);
				MARKETING_VERSION = 1.0;
				PRODUCT_BUNDLE_IDENTIFIER = lgvv.SmartAI;
				PRODUCT_NAME = "$(TARGET_NAME)";
				SWIFT_EMIT_LOC_STRINGS = YES;
				SWIFT_VERSION = 5.0;
				TARGETED_DEVICE_FAMILY = "1,2";
			};
			name = Release;
		};
/* End XCBuildConfiguration section */

/* Begin XCConfigurationList section */
		B1EED75F29266015004A65BC /* Build configuration list for PBXProject "SmartAI" */ = {
			isa = XCConfigurationList;
			buildConfigurations = (
				B1EED77629266017004A65BC /* Debug */,
				B1EED77729266017004A65BC /* Release */,
			);
			defaultConfigurationIsVisible = 0;
			defaultConfigurationName = Release;
		};
		B1EED77829266017004A65BC /* Build configuration list for PBXNativeTarget "SmartAI" */ = {
			isa = XCConfigurationList;
			buildConfigurations = (
				B1EED77929266017004A65BC /* Debug */,
				B1EED77A29266017004A65BC /* Release */,
			);
			defaultConfigurationIsVisible = 0;
			defaultConfigurationName = Release;
		};
/* End XCConfigurationList section */

/* Begin XCRemoteSwiftPackageReference section */
		B1EED77B29267531004A65BC /* XCRemoteSwiftPackageReference "SnapKit" */ = {
			isa = XCRemoteSwiftPackageReference;
			repositoryURL = "https://github.com/SnapKit/SnapKit";
			requirement = {
				kind = upToNextMinorVersion;
				minimumVersion = 5.6.0;
			};
		};
		B1EED77E29267548004A65BC /* XCRemoteSwiftPackageReference "RxSwift" */ = {
			isa = XCRemoteSwiftPackageReference;
			repositoryURL = "https://github.com/ReactiveX/RxSwift";
			requirement = {
				kind = upToNextMinorVersion;
				minimumVersion = 6.5.0;
			};
		};
		B1EED7852926756F004A65BC /* XCRemoteSwiftPackageReference "ReactorKit" */ = {
			isa = XCRemoteSwiftPackageReference;
			repositoryURL = "https://github.com/ReactorKit/ReactorKit.git";
			requirement = {
				kind = upToNextMinorVersion;
				minimumVersion = 3.2.0;
			};
		};
/* End XCRemoteSwiftPackageReference section */

/* Begin XCSwiftPackageProductDependency section */
		B1EED77C29267531004A65BC /* SnapKit */ = {
			isa = XCSwiftPackageProductDependency;
			package = B1EED77B29267531004A65BC /* XCRemoteSwiftPackageReference "SnapKit" */;
			productName = SnapKit;
		};
		B1EED77F29267548004A65BC /* RxCocoa */ = {
			isa = XCSwiftPackageProductDependency;
			package = B1EED77E29267548004A65BC /* XCRemoteSwiftPackageReference "RxSwift" */;
			productName = RxCocoa;
		};
		B1EED78129267548004A65BC /* RxRelay */ = {
			isa = XCSwiftPackageProductDependency;
			package = B1EED77E29267548004A65BC /* XCRemoteSwiftPackageReference "RxSwift" */;
			productName = RxRelay;
		};
		B1EED78329267548004A65BC /* RxSwift */ = {
			isa = XCSwiftPackageProductDependency;
			package = B1EED77E29267548004A65BC /* XCRemoteSwiftPackageReference "RxSwift" */;
			productName = RxSwift;
		};
		B1EED7862926756F004A65BC /* ReactorKit */ = {
			isa = XCSwiftPackageProductDependency;
			package = B1EED7852926756F004A65BC /* XCRemoteSwiftPackageReference "ReactorKit" */;
			productName = ReactorKit;
		};
/* End XCSwiftPackageProductDependency section */
	};
	rootObject = B1EED75C29266015004A65BC /* Project object */;
}
